
Microsoft Visual Studio Solution File, Format Version 12.00
# Visual Studio Version 18
VisualStudioVersion = 18.3.11520.95
MinimumVisualStudioVersion = 10.0.40219.1
Project("{2150E333-8FDC-42A3-9474-1A3956D46DE8}") = "Laby_01", "Laby_01", "{9840F9BF-14AF-47FE-804C-91CD45B7ECAB}"
EndProject
Project("{8BC9CEB8-8B4A-11D0-8D11-00A0C91BC942}") = "Zadanie_1", "Laby_01\Zadanie_1\Zadanie_1.vcxproj", "{0DAFC9F8-5F3F-4F06-A5D1-30FE888ECF41}"
EndProject
Project("{8BC9CEB8-8B4A-11D0-8D11-00A0C91BC942}") = "Zadanie_2", "Laby_01\Zadanie_2\Zadanie_2.vcxproj", "{9F569B7D-E334-4A6B-8A18-3B10C1FDBEB5}"
EndProject
Global
	GlobalSection(SolutionConfigurationPlatforms) = preSolution
		Debug|x64 = Debug|x64
		Debug|x86 = Debug|x86
		Release|x64 = Release|x64
		Release|x86 = Release|x86
	EndGlobalSection
	GlobalSection(ProjectConfigurationPlatforms) = postSolution
		{0DAFC9F8-5F3F-4F06-A5D1-30FE888ECF41}.Debug|x64.ActiveCfg = Debug|x64
		{0DAFC9F8-5F3F-4F06-A5D1-30FE888ECF41}.Debug|x64.Build.0 = Debug|x64
		{0DAFC9F8-5F3F-4F06-A5D1-30FE888ECF41}.Debug|x86.ActiveCfg = Debug|Win32
		{0DAFC9F8-5F3F-4F06-A5D1-30FE888ECF41}.Debug|x86.Build.0 = Debug|Win32
		{0DAFC9F8-5F3F-4F06-A5D1-30FE888ECF41}.Release|x64.ActiveCfg = Release|x64
		{0DAFC9F8-5F3F-4F06-A5D1-30FE888ECF41}.Release|x64.Build.0 = Release|x64
		{0DAFC9F8-5F3F-4F06-A5D1-30FE888ECF41}.Release|x86.ActiveCfg = Release|Win32
		{0DAFC9F8-5F3F-4F06-A5D1-30FE888ECF41}.Release|x86.Build.0 = Release|Win32
		{9F569B7D-E334-4A6B-8A18-3B10C1FDBEB5}.Debug|x64.ActiveCfg = Debug|x64
		{9F569B7D-E334-4A6B-8A18-3B10C1FDBEB5}.Debug|x64.Build.0 = Debug|x64
		{9F569B7D-E334-4A6B-8A18-3B10C1FDBEB5}.Debug|x86.ActiveCfg = Debug|Win32
		{9F569B7D-E334-4A6B-8A18-3B10C1FDBEB5}.Debug|x86.Build.0 = Debug|Win32
		{9F569B7D-E334-4A6B-8A18-3B10C1FDBEB5}.Release|x64.ActiveCfg = Release|x64
		{9F569B7D-E334-4A6B-8A18-3B10C1FDBEB5}.Release|x64.Build.0 = Release|x64
		{9F569B7D-E334-4A6B-8A18-3B10C1FDBEB5}.Release|x86.ActiveCfg = Release|Win32
		{9F569B7D-E334-4A6B-8A18-3B10C1FDBEB5}.Release|x86.Build.0 = Release|Win32
	EndGlobalSection
	GlobalSection(SolutionProperties) = preSolution
		HideSolutionNode = FALSE
	EndGlobalSection
	GlobalSection(NestedProjects) = preSolution
		{0DAFC9F8-5F3F-4F06-A5D1-30FE888ECF41} = {9840F9BF-14AF-47FE-804C-91CD45B7ECAB}
		{9F569B7D-E334-4A6B-8A18-3B10C1FDBEB5} = {9840F9BF-14AF-47FE-804C-91CD45B7ECAB}
	EndGlobalSection
	GlobalSection(ExtensibilityGlobals) = postSolution
		SolutionGuid = {2A0662BC-0DBD-4CB2-B6B5-5547A2DC4991}
	EndGlobalSection
EndGlobal
